// !$*UTF8*$!
{
	archiveVersion = 1;
	classes = {
	};
	objectVersion = 55;
	objects = {

/* Begin PBXBuildFile section */
		B1154E27281BC4DD00F5A437 /* AppDelegate.swift in Sources */ = {isa = PBXBuildFile; fileRef = B1154E26281BC4DD00F5A437 /* AppDelegate.swift */; };
		B1154E29281BC4DD00F5A437 /* SceneDelegate.swift in Sources */ = {isa = PBXBuildFile; fileRef = B1154E28281BC4DD00F5A437 /* SceneDelegate.swift */; };
		B1154E2E281BC4DD00F5A437 /* Main.storyboard in Resources */ = {isa = PBXBuildFile; fileRef = B1154E2C281BC4DD00F5A437 /* Main.storyboard */; };
		B1154E31281BC4DD00F5A437 /* Todos.xcdatamodeld in Sources */ = {isa = PBXBuildFile; fileRef = B1154E2F281BC4DD00F5A437 /* Todos.xcdatamodeld */; };
		B1154E33281BC4E100F5A437 /* Assets.xcassets in Resources */ = {isa = PBXBuildFile; fileRef = B1154E32281BC4E100F5A437 /* Assets.xcassets */; };
		B1154E36281BC4E100F5A437 /* LaunchScreen.storyboard in Resources */ = {isa = PBXBuildFile; fileRef = B1154E34281BC4E100F5A437 /* LaunchScreen.storyboard */; };
		B1154E3E281BD0CD00F5A437 /* TodosTableVC.swift in Sources */ = {isa = PBXBuildFile; fileRef = B1154E3D281BD0CD00F5A437 /* TodosTableVC.swift */; };
		B168BF8028364224004A61FB /* TodoCell.swift in Sources */ = {isa = PBXBuildFile; fileRef = B168BF7F28364224004A61FB /* TodoCell.swift */; };
		B168BF82283645ED004A61FB /* Todo.swift in Sources */ = {isa = PBXBuildFile; fileRef = B168BF81283645ED004A61FB /* Todo.swift */; };
		B1CF916E283252AC00F81EF9 /* Constants.swift in Sources */ = {isa = PBXBuildFile; fileRef = B1CF916D283252AC00F81EF9 /* Constants.swift */; };
		B1DE94842872EEEA00B8E525 /* TodoTableVC.swift in Sources */ = {isa = PBXBuildFile; fileRef = B1DE94832872EEEA00B8E525 /* TodoTableVC.swift */; };
/* End PBXBuildFile section */

/* Begin PBXFileReference section */
		B1154E23281BC4DD00F5A437 /* Todos.app */ = {isa = PBXFileReference; explicitFileType = wrapper.application; includeInIndex = 0; path = Todos.app; sourceTree = BUILT_PRODUCTS_DIR; };
		B1154E26281BC4DD00F5A437 /* AppDelegate.swift */ = {isa = PBXFileReference; lastKnownFileType = sourcecode.swift; path = AppDelegate.swift; sourceTree = "<group>"; };
		B1154E28281BC4DD00F5A437 /* SceneDelegate.swift */ = {isa = PBXFileReference; lastKnownFileType = sourcecode.swift; path = SceneDelegate.swift; sourceTree = "<group>"; };
		B1154E2D281BC4DD00F5A437 /* Base */ = {isa = PBXFileReference; lastKnownFileType = file.storyboard; name = Base; path = Base.lproj/Main.storyboard; sourceTree = "<group>"; };
		B1154E30281BC4DD00F5A437 /* Todos.xcdatamodel */ = {isa = PBXFileReference; lastKnownFileType = wrapper.xcdatamodel; path = Todos.xcdatamodel; sourceTree = "<group>"; };
		B1154E32281BC4E100F5A437 /* Assets.xcassets */ = {isa = PBXFileReference; lastKnownFileType = folder.assetcatalog; path = Assets.xcassets; sourceTree = "<group>"; };
		B1154E35281BC4E100F5A437 /* Base */ = {isa = PBXFileReference; lastKnownFileType = file.storyboard; name = Base; path = Base.lproj/LaunchScreen.storyboard; sourceTree = "<group>"; };
		B1154E37281BC4E100F5A437 /* Info.plist */ = {isa = PBXFileReference; lastKnownFileType = text.plist.xml; path = Info.plist; sourceTree = "<group>"; };
		B1154E3D281BD0CD00F5A437 /* TodosTableVC.swift */ = {isa = PBXFileReference; lastKnownFileType = sourcecode.swift; path = TodosTableVC.swift; sourceTree = "<group>"; };
		B168BF7F28364224004A61FB /* TodoCell.swift */ = {isa = PBXFileReference; lastKnownFileType = sourcecode.swift; path = TodoCell.swift; sourceTree = "<group>"; };
		B168BF81283645ED004A61FB /* Todo.swift */ = {isa = PBXFileReference; lastKnownFileType = sourcecode.swift; path = Todo.swift; sourceTree = "<group>"; };
		B1CF916D283252AC00F81EF9 /* Constants.swift */ = {isa = PBXFileReference; lastKnownFileType = sourcecode.swift; path = Constants.swift; sourceTree = "<group>"; };
		B1DE94832872EEEA00B8E525 /* TodoTableVC.swift */ = {isa = PBXFileReference; lastKnownFileType = sourcecode.swift; path = TodoTableVC.swift; sourceTree = "<group>"; };
/* End PBXFileReference section */

/* Begin PBXFrameworksBuildPhase section */
		B1154E20281BC4DD00F5A437 /* Frameworks */ = {
			isa = PBXFrameworksBuildPhase;
			buildActionMask = 2147483647;
			files = (
			);
			runOnlyForDeploymentPostprocessing = 0;
		};
/* End PBXFrameworksBuildPhase section */

/* Begin PBXGroup section */
		B1154E1A281BC4DD00F5A437 = {
			isa = PBXGroup;
			children = (
				B1154E25281BC4DD00F5A437 /* Todos */,
				B1154E24281BC4DD00F5A437 /* Products */,
			);
			sourceTree = "<group>";
		};
		B1154E24281BC4DD00F5A437 /* Products */ = {
			isa = PBXGroup;
			children = (
				B1154E23281BC4DD00F5A437 /* Todos.app */,
			);
			name = Products;
			sourceTree = "<group>";
		};
		B1154E25281BC4DD00F5A437 /* Todos */ = {
			isa = PBXGroup;
			children = (
				B1154E26281BC4DD00F5A437 /* AppDelegate.swift */,
				B1154E28281BC4DD00F5A437 /* SceneDelegate.swift */,
				B1154E2C281BC4DD00F5A437 /* Main.storyboard */,
				B1DE94832872EEEA00B8E525 /* TodoTableVC.swift */,
				B168BF83283645FC004A61FB /* Model */,
				B168BF7F28364224004A61FB /* TodoCell.swift */,
				B1154E3D281BD0CD00F5A437 /* TodosTableVC.swift */,
				B1CF916D283252AC00F81EF9 /* Constants.swift */,
				B1154E32281BC4E100F5A437 /* Assets.xcassets */,
				B1154E34281BC4E100F5A437 /* LaunchScreen.storyboard */,
				B1154E37281BC4E100F5A437 /* Info.plist */,
				B1154E2F281BC4DD00F5A437 /* Todos.xcdatamodeld */,
			);
			path = Todos;
			sourceTree = "<group>";
		};
		B168BF83283645FC004A61FB /* Model */ = {
			isa = PBXGroup;
			children = (
				B168BF81283645ED004A61FB /* Todo.swift */,
			);
			path = Model;
			sourceTree = "<group>";
		};
/* End PBXGroup section */

/* Begin PBXNativeTarget section */
		B1154E22281BC4DD00F5A437 /* Todos */ = {
			isa = PBXNativeTarget;
			buildConfigurationList = B1154E3A281BC4E100F5A437 /* Build configuration list for PBXNativeTarget "Todos" */;
			buildPhases = (
				B1154E1F281BC4DD00F5A437 /* Sources */,
				B1154E20281BC4DD00F5A437 /* Frameworks */,
				B1154E21281BC4DD00F5A437 /* Resources */,
			);
			buildRules = (
			);
			dependencies = (
			);
			name = Todos;
			productName = Todos;
			productReference = B1154E23281BC4DD00F5A437 /* Todos.app */;
			productType = "com.apple.product-type.application";
		};
/* End PBXNativeTarget section */

/* Begin PBXProject section */
		B1154E1B281BC4DD00F5A437 /* Project object */ = {
			isa = PBXProject;
			attributes = {
				BuildIndependentTargetsInParallel = 1;
				LastSwiftUpdateCheck = 1330;
				LastUpgradeCheck = 1330;
				TargetAttributes = {
					B1154E22281BC4DD00F5A437 = {
						CreatedOnToolsVersion = 13.3.1;
					};
				};
			};
			buildConfigurationList = B1154E1E281BC4DD00F5A437 /* Build configuration list for PBXProject "Todos" */;
			compatibilityVersion = "Xcode 13.0";
			developmentRegion = en;
			hasScannedForEncodings = 0;
			knownRegions = (
				en,
				Base,
			);
			mainGroup = B1154E1A281BC4DD00F5A437;
			productRefGroup = B1154E24281BC4DD00F5A437 /* Products */;
			projectDirPath = "";
			projectRoot = "";
			targets = (
				B1154E22281BC4DD00F5A437 /* Todos */,
			);
		};
/* End PBXProject section */

/* Begin PBXResourcesBuildPhase section */
		B1154E21281BC4DD00F5A437 /* Resources */ = {
			isa = PBXResourcesBuildPhase;
			buildActionMask = 2147483647;
			files = (
				B1154E36281BC4E100F5A437 /* LaunchScreen.storyboard in Resources */,
				B1154E33281BC4E100F5A437 /* Assets.xcassets in Resources */,
				B1154E2E281BC4DD00F5A437 /* Main.storyboard in Resources */,
			);
			runOnlyForDeploymentPostprocessing = 0;
		};
/* End PBXResourcesBuildPhase section */

/* Begin PBXSourcesBuildPhase section */
		B1154E1F281BC4DD00F5A437 /* Sources */ = {
			isa = PBXSourcesBuildPhase;
			buildActionMask = 2147483647;
			files = (
				B168BF82283645ED004A61FB /* Todo.swift in Sources */,
				B1CF916E283252AC00F81EF9 /* Constants.swift in Sources */,
				B168BF8028364224004A61FB /* TodoCell.swift in Sources */,
				B1DE94842872EEEA00B8E525 /* TodoTableVC.swift in Sources */,
				B1154E27281BC4DD00F5A437 /* AppDelegate.swift in Sources */,
				B1154E29281BC4DD00F5A437 /* SceneDelegate.swift in Sources */,
				B1154E3E281BD0CD00F5A437 /* TodosTableVC.swift in Sources */,
				B1154E31281BC4DD00F5A437 /* Todos.xcdatamodeld in Sources */,
			);
			runOnlyForDeploymentPostprocessing = 0;
		};
/* End PBXSourcesBuildPhase section */

/* Begin PBXVariantGroup section */
		B1154E2C281BC4DD00F5A437 /* Main.storyboard */ = {
			isa = PBXVariantGroup;
			children = (
				B1154E2D281BC4DD00F5A437 /* Base */,
			);
			name = Main.storyboard;
			sourceTree = "<group>";
		};
		B1154E34281BC4E100F5A437 /* LaunchScreen.storyboard */ = {
			isa = PBXVariantGroup;
			children = (
				B1154E35281BC4E100F5A437 /* Base */,
			);
			name = LaunchScreen.storyboard;
			sourceTree = "<group>";
		};
/* End PBXVariantGroup section */

/* Begin XCBuildConfiguration section */
		B1154E38281BC4E100F5A437 /* Debug */ = {
			isa = XCBuildConfiguration;
			buildSettings = {
				ALWAYS_SEARCH_USER_PATHS = NO;
				CLANG_ANALYZER_NONNULL = YES;
				CLANG_ANALYZER_NUMBER_OBJECT_CONVERSION = YES_AGGRESSIVE;
				CLANG_CXX_LANGUAGE_STANDARD = "gnu++17";
				CLANG_ENABLE_MODULES = YES;
				CLANG_ENABLE_OBJC_ARC = YES;
				CLANG_ENABLE_OBJC_WEAK = YES;
				CLANG_WARN_BLOCK_CAPTURE_AUTORELEASING = YES;
				CLANG_WARN_BOOL_CONVERSION = YES;
				CLANG_WARN_COMMA = YES;
				CLANG_WARN_CONSTANT_CONVERSION = YES;
				CLANG_WARN_DEPRECATED_OBJC_IMPLEMENTATIONS = YES;
				CLANG_WARN_DIRECT_OBJC_ISA_USAGE = YES_ERROR;
				CLANG_WARN_DOCUMENTATION_COMMENTS = YES;
				CLANG_WARN_EMPTY_BODY = YES;
				CLANG_WARN_ENUM_CONVERSION = YES;
				CLANG_WARN_INFINITE_RECURSION = YES;
				CLANG_WARN_INT_CONVERSION = YES;
				CLANG_WARN_NON_LITERAL_NULL_CONVERSION = YES;
				CLANG_WARN_OBJC_IMPLICIT_RETAIN_SELF = YES;
				CLANG_WARN_OBJC_LITERAL_CONVERSION = YES;
				CLANG_WARN_OBJC_ROOT_CLASS = YES_ERROR;
				CLANG_WARN_QUOTED_INCLUDE_IN_FRAMEWORK_HEADER = YES;
				CLANG_WARN_RANGE_LOOP_ANALYSIS = YES;
				CLANG_WARN_STRICT_PROTOTYPES = YES;
				CLANG_WARN_SUSPICIOUS_MOVE = YES;
				CLANG_WARN_UNGUARDED_AVAILABILITY = YES_AGGRESSIVE;
				CLANG_WARN_UNREACHABLE_CODE = YES;
				CLANG_WARN__DUPLICATE_METHOD_MATCH = YES;
				COPY_PHASE_STRIP = NO;
				DEBUG_INFORMATION_FORMAT = dwarf;
				ENABLE_STRICT_OBJC_MSGSEND = YES;
				ENABLE_TESTABILITY = YES;
				GCC_C_LANGUAGE_STANDARD = gnu11;
				GCC_DYNAMIC_NO_PIC = NO;
				GCC_NO_COMMON_BLOCKS = YES;
				GCC_OPTIMIZATION_LEVEL = 0;
				GCC_PREPROCESSOR_DEFINITIONS = (
					"DEBUG=1",
					"$(inherited)",
				);
				GCC_WARN_64_TO_32_BIT_CONVERSION = YES;
				GCC_WARN_ABOUT_RETURN_TYPE = YES_ERROR;
				GCC_WARN_UNDECLARED_SELECTOR = YES;
				GCC_WARN_UNINITIALIZED_AUTOS = YES_AGGRESSIVE;
				GCC_WARN_UNUSED_FUNCTION = YES;
				GCC_WARN_UNUSED_VARIABLE = YES;
				IPHONEOS_DEPLOYMENT_TARGET = 15.4;
				MTL_ENABLE_DEBUG_INFO = INCLUDE_SOURCE;
				MTL_FAST_MATH = YES;
				ONLY_ACTIVE_ARCH = YES;
				SDKROOT = iphoneos;
				SWIFT_ACTIVE_COMPILATION_CONDITIONS = DEBUG;
				SWIFT_OPTIMIZATION_LEVEL = "-Onone";
			};
			name = Debug;
		};
		B1154E39281BC4E100F5A437 /* Release */ = {
			isa = XCBuildConfiguration;
			buildSettings = {
				ALWAYS_SEARCH_USER_PATHS = NO;
				CLANG_ANALYZER_NONNULL = YES;
				CLANG_ANALYZER_NUMBER_OBJECT_CONVERSION = YES_AGGRESSIVE;
				CLANG_CXX_LANGUAGE_STANDARD = "gnu++17";
				CLANG_ENABLE_MODULES = YES;
				CLANG_ENABLE_OBJC_ARC = YES;
				CLANG_ENABLE_OBJC_WEAK = YES;
				CLANG_WARN_BLOCK_CAPTURE_AUTORELEASING = YES;
				CLANG_WARN_BOOL_CONVERSION = YES;
				CLANG_WARN_COMMA = YES;
				CLANG_WARN_CONSTANT_CONVERSION = YES;
				CLANG_WARN_DEPRECATED_OBJC_IMPLEMENTATIONS = YES;
				CLANG_WARN_DIRECT_OBJC_ISA_USAGE = YES_ERROR;
				CLANG_WARN_DOCUMENTATION_COMMENTS = YES;
				CLANG_WARN_EMPTY_BODY = YES;
				CLANG_WARN_ENUM_CONVERSION = YES;
				CLANG_WARN_INFINITE_RECURSION = YES;
				CLANG_WARN_INT_CONVERSION = YES;
				CLANG_WARN_NON_LITERAL_NULL_CONVERSION = YES;
				CLANG_WARN_OBJC_IMPLICIT_RETAIN_SELF = YES;
				CLANG_WARN_OBJC_LITERAL_CONVERSION = YES;
				CLANG_WARN_OBJC_ROOT_CLASS = YES_ERROR;
				CLANG_WARN_QUOTED_INCLUDE_IN_FRAMEWORK_HEADER = YES;
				CLANG_WARN_RANGE_LOOP_ANALYSIS = YES;
				CLANG_WARN_STRICT_PROTOTYPES = YES;
				CLANG_WARN_SUSPICIOUS_MOVE = YES;
				CLANG_WARN_UNGUARDED_AVAILABILITY = YES_AGGRESSIVE;
				CLANG_WARN_UNREACHABLE_CODE = YES;
				CLANG_WARN__DUPLICATE_METHOD_MATCH = YES;
				COPY_PHASE_STRIP = NO;
				DEBUG_INFORMATION_FORMAT = "dwarf-with-dsym";
				ENABLE_NS_ASSERTIONS = NO;
				ENABLE_STRICT_OBJC_MSGSEND = YES;
				GCC_C_LANGUAGE_STANDARD = gnu11;
				GCC_NO_COMMON_BLOCKS = YES;
				GCC_WARN_64_TO_32_BIT_CONVERSION = YES;
				GCC_WARN_ABOUT_RETURN_TYPE = YES_ERROR;
				GCC_WARN_UNDECLARED_SELECTOR = YES;
				GCC_WARN_UNINITIALIZED_AUTOS = YES_AGGRESSIVE;
				GCC_WARN_UNUSED_FUNCTION = YES;
				GCC_WARN_UNUSED_VARIABLE = YES;
				IPHONEOS_DEPLOYMENT_TARGET = 15.4;
				MTL_ENABLE_DEBUG_INFO = NO;
				MTL_FAST_MATH = YES;
				SDKROOT = iphoneos;
				SWIFT_COMPILATION_MODE = wholemodule;
				SWIFT_OPTIMIZATION_LEVEL = "-O";
				VALIDATE_PRODUCT = YES;
			};
			name = Release;
		};
		B1154E3B281BC4E100F5A437 /* Debug */ = {
			isa = XCBuildConfiguration;
			buildSettings = {
				ASSETCATALOG_COMPILER_APPICON_NAME = AppIcon;
				ASSETCATALOG_COMPILER_GLOBAL_ACCENT_COLOR_NAME = AccentColor;
				CODE_SIGN_IDENTITY = "Apple Development";
				CODE_SIGN_STYLE = Automatic;
				CURRENT_PROJECT_VERSION = 1;
				DEVELOPMENT_TEAM = 92NWMNTXWL;
				GENERATE_INFOPLIST_FILE = YES;
				INFOPLIST_FILE = Todos/Info.plist;
				INFOPLIST_KEY_CFBundleDisplayName = "待办事项";
				INFOPLIST_KEY_UIApplicationSupportsIndirectInputEvents = YES;
				INFOPLIST_KEY_UILaunchStoryboardName = LaunchScreen;
				INFOPLIST_KEY_UIMainStoryboardFile = Main;
				INFOPLIST_KEY_UISupportedInterfaceOrientations_iPad = "UIInterfaceOrientationPortrait UIInterfaceOrientationPortraitUpsideDown UIInterfaceOrientationLandscapeLeft UIInterfaceOrientationLandscapeRight";
				INFOPLIST_KEY_UISupportedInterfaceOrientations_iPhone = "UIInterfaceOrientationPortrait UIInterfaceOrientationLandscapeLeft UIInterfaceOrientationLandscapeRight";
				LD_RUNPATH_SEARCH_PATHS = (
					"$(inherited)",
					"@executable_path/Frameworks",
				);
				MARKETING_VERSION = 1.0;
				PRODUCT_BUNDLE_IDENTIFIER = yumingzheng.Todos;
				PRODUCT_NAME = "$(TARGET_NAME)";
				PROVISIONING_PROFILE_SPECIFIER = "";
				SWIFT_EMIT_LOC_STRINGS = YES;
				SWIFT_VERSION = 5.0;
				TARGETED_DEVICE_FAMILY = 1;
			};
			name = Debug;
		};
		B1154E3C281BC4E100F5A437 /* Release */ = {
			isa = XCBuildConfiguration;
			buildSettings = {
				ASSETCATALOG_COMPILER_APPICON_NAME = AppIcon;
				ASSETCATALOG_COMPILER_GLOBAL_ACCENT_COLOR_NAME = AccentColor;
				CODE_SIGN_IDENTITY = "Apple Development";
				CODE_SIGN_STYLE = Automatic;
				CURRENT_PROJECT_VERSION = 1;
				DEVELOPMENT_TEAM = 92NWMNTXWL;
				GENERATE_INFOPLIST_FILE = YES;
				INFOPLIST_FILE = Todos/Info.plist;
				INFOPLIST_KEY_CFBundleDisplayName = "待办事项";
				INFOPLIST_KEY_UIApplicationSupportsIndirectInputEvents = YES;
				INFOPLIST_KEY_UILaunchStoryboardName = LaunchScreen;
				INFOPLIST_KEY_UIMainStoryboardFile = Main;
				INFOPLIST_KEY_UISupportedInterfaceOrientations_iPad = "UIInterfaceOrientationPortrait UIInterfaceOrientationPortraitUpsideDown UIInterfaceOrientationLandscapeLeft UIInterfaceOrientationLandscapeRight";
				INFOPLIST_KEY_UISupportedInterfaceOrientations_iPhone = "UIInterfaceOrientationPortrait UIInterfaceOrientationLandscapeLeft UIInterfaceOrientationLandscapeRight";
				LD_RUNPATH_SEARCH_PATHS = (
					"$(inherited)",
					"@executable_path/Frameworks",
				);
				MARKETING_VERSION = 1.0;
				PRODUCT_BUNDLE_IDENTIFIER = yumingzheng.Todos;
				PRODUCT_NAME = "$(TARGET_NAME)";
				PROVISIONING_PROFILE_SPECIFIER = "";
				SWIFT_EMIT_LOC_STRINGS = YES;
				SWIFT_VERSION = 5.0;
				TARGETED_DEVICE_FAMILY = 1;
			};
			name = Release;
		};
/* End XCBuildConfiguration section */

/* Begin XCConfigurationList section */
		B1154E1E281BC4DD00F5A437 /* Build configuration list for PBXProject "Todos" */ = {
			isa = XCConfigurationList;
			buildConfigurations = (
				B1154E38281BC4E100F5A437 /* Debug */,
				B1154E39281BC4E100F5A437 /* Release */,
			);
			defaultConfigurationIsVisible = 0;
			defaultConfigurationName = Release;
		};
		B1154E3A281BC4E100F5A437 /* Build configuration list for PBXNativeTarget "Todos" */ = {
			isa = XCConfigurationList;
			buildConfigurations = (
				B1154E3B281BC4E100F5A437 /* Debug */,
				B1154E3C281BC4E100F5A437 /* Release */,
			);
			defaultConfigurationIsVisible = 0;
			defaultConfigurationName = Release;
		};
/* End XCConfigurationList section */

/* Begin XCVersionGroup section */
		B1154E2F281BC4DD00F5A437 /* Todos.xcdatamodeld */ = {
			isa = XCVersionGroup;
			children = (
				B1154E30281BC4DD00F5A437 /* Todos.xcdatamodel */,
			);
			currentVersion = B1154E30281BC4DD00F5A437 /* Todos.xcdatamodel */;
			path = Todos.xcdatamodeld;
			sourceTree = "<group>";
			versionGroupType = wrapper.xcdatamodel;
		};
/* End XCVersionGroup section */
	};
	rootObject = B1154E1B281BC4DD00F5A437 /* Project object */;
}
